
Microsoft Visual Studio Solution File, Format Version 12.00
# Visual Studio Version 17
VisualStudioVersion = 17.8.34330.188
MinimumVisualStudioVersion = 10.0.40219.1
Project("{9A19103F-16F7-4668-BE54-9A1E7A4F7556}") = "Stage0", "Stage0\Stage0.csproj", "{E2F98D0F-F7D9-4A13-A350-AD310764D542}"
EndProject
Project("{2150E333-8FDC-42A3-9474-1A3956D46DE8}") = "Solution Items", "Solution Items", "{D2937C2C-FD14-4F60-B903-9DDDB0855699}"
	ProjectSection(SolutionItems) = preProject
		README.md = README.md
	EndProjectSection
EndProject
Project("{9A19103F-16F7-4668-BE54-9A1E7A4F7556}") = "DalFacade", "DalFacade\DalFacade.csproj", "{ABB68AAA-0F2C-4F43-B989-237F4A68336B}"
EndProject
Project("{9A19103F-16F7-4668-BE54-9A1E7A4F7556}") = "DalList", "DalList\DalList.csproj", "{C5EC4186-278B-40E4-A86B-A81D230E95F7}"
EndProject
Project("{9A19103F-16F7-4668-BE54-9A1E7A4F7556}") = "DalTest", "DalTest\DalTest.csproj", "{0382AC03-763F-4C66-B71C-7EDFA9597779}"
EndProject
Project("{9A19103F-16F7-4668-BE54-9A1E7A4F7556}") = "DalXml", "DalXml\DalXml.csproj", "{66ED6FE6-AE12-4920-B7A3-F7AC1C39522B}"
EndProject
Project("{2150E333-8FDC-42A3-9474-1A3956D46DE8}") = "xml", "xml", "{2A8FA7F7-6859-40DA-B9F8-B964A8FA695B}"
	ProjectSection(SolutionItems) = preProject
		xml\dal-config.xml = xml\dal-config.xml
		xml\data-config.xml = xml\data-config.xml
		xml\dependencies.xml = xml\dependencies.xml
		xml\engineers.xml = xml\engineers.xml
		xml\tasks.xml = xml\tasks.xml
		xml\users.xml = xml\users.xml
	EndProjectSection
EndProject
Project("{9A19103F-16F7-4668-BE54-9A1E7A4F7556}") = "DalStrategy", "DalStrategy\DalStrategy.csproj", "{ADB0F107-E200-4D15-BD3E-ECDDFC74E9BE}"
EndProject
Project("{9A19103F-16F7-4668-BE54-9A1E7A4F7556}") = "BL", "BL\BL.csproj", "{08F3C6CB-0CA6-42B4-B0EC-A6B98FD7ADA4}"
EndProject
Project("{9A19103F-16F7-4668-BE54-9A1E7A4F7556}") = "BlTest", "BlTest\BlTest.csproj", "{31AAFB3A-B0AB-480D-9338-13228E8E9B55}"
EndProject
Project("{9A19103F-16F7-4668-BE54-9A1E7A4F7556}") = "PL", "PL\PL.csproj", "{2121A8F5-5127-494E-8AA6-FB2E94D0A41B}"
EndProject
Global
	GlobalSection(SolutionConfigurationPlatforms) = preSolution
		Debug|Any CPU = Debug|Any CPU
		Release|Any CPU = Release|Any CPU
	EndGlobalSection
	GlobalSection(ProjectConfigurationPlatforms) = postSolution
		{E2F98D0F-F7D9-4A13-A350-AD310764D542}.Debug|Any CPU.ActiveCfg = Debug|Any CPU
		{E2F98D0F-F7D9-4A13-A350-AD310764D542}.Debug|Any CPU.Build.0 = Debug|Any CPU
		{E2F98D0F-F7D9-4A13-A350-AD310764D542}.Release|Any CPU.ActiveCfg = Release|Any CPU
		{E2F98D0F-F7D9-4A13-A350-AD310764D542}.Release|Any CPU.Build.0 = Release|Any CPU
		{ABB68AAA-0F2C-4F43-B989-237F4A68336B}.Debug|Any CPU.ActiveCfg = Debug|Any CPU
		{ABB68AAA-0F2C-4F43-B989-237F4A68336B}.Debug|Any CPU.Build.0 = Debug|Any CPU
		{ABB68AAA-0F2C-4F43-B989-237F4A68336B}.Release|Any CPU.ActiveCfg = Release|Any CPU
		{ABB68AAA-0F2C-4F43-B989-237F4A68336B}.Release|Any CPU.Build.0 = Release|Any CPU
		{C5EC4186-278B-40E4-A86B-A81D230E95F7}.Debug|Any CPU.ActiveCfg = Debug|Any CPU
		{C5EC4186-278B-40E4-A86B-A81D230E95F7}.Debug|Any CPU.Build.0 = Debug|Any CPU
		{C5EC4186-278B-40E4-A86B-A81D230E95F7}.Release|Any CPU.ActiveCfg = Release|Any CPU
		{C5EC4186-278B-40E4-A86B-A81D230E95F7}.Release|Any CPU.Build.0 = Release|Any CPU
		{0382AC03-763F-4C66-B71C-7EDFA9597779}.Debug|Any CPU.ActiveCfg = Debug|Any CPU
		{0382AC03-763F-4C66-B71C-7EDFA9597779}.Debug|Any CPU.Build.0 = Debug|Any CPU
		{0382AC03-763F-4C66-B71C-7EDFA9597779}.Release|Any CPU.ActiveCfg = Release|Any CPU
		{0382AC03-763F-4C66-B71C-7EDFA9597779}.Release|Any CPU.Build.0 = Release|Any CPU
		{66ED6FE6-AE12-4920-B7A3-F7AC1C39522B}.Debug|Any CPU.ActiveCfg = Debug|Any CPU
		{66ED6FE6-AE12-4920-B7A3-F7AC1C39522B}.Debug|Any CPU.Build.0 = Debug|Any CPU
		{66ED6FE6-AE12-4920-B7A3-F7AC1C39522B}.Release|Any CPU.ActiveCfg = Release|Any CPU
		{66ED6FE6-AE12-4920-B7A3-F7AC1C39522B}.Release|Any CPU.Build.0 = Release|Any CPU
		{ADB0F107-E200-4D15-BD3E-ECDDFC74E9BE}.Debug|Any CPU.ActiveCfg = Debug|Any CPU
		{ADB0F107-E200-4D15-BD3E-ECDDFC74E9BE}.Debug|Any CPU.Build.0 = Debug|Any CPU
		{ADB0F107-E200-4D15-BD3E-ECDDFC74E9BE}.Release|Any CPU.ActiveCfg = Release|Any CPU
		{ADB0F107-E200-4D15-BD3E-ECDDFC74E9BE}.Release|Any CPU.Build.0 = Release|Any CPU
		{08F3C6CB-0CA6-42B4-B0EC-A6B98FD7ADA4}.Debug|Any CPU.ActiveCfg = Debug|Any CPU
		{08F3C6CB-0CA6-42B4-B0EC-A6B98FD7ADA4}.Debug|Any CPU.Build.0 = Debug|Any CPU
		{08F3C6CB-0CA6-42B4-B0EC-A6B98FD7ADA4}.Release|Any CPU.ActiveCfg = Release|Any CPU
		{08F3C6CB-0CA6-42B4-B0EC-A6B98FD7ADA4}.Release|Any CPU.Build.0 = Release|Any CPU
		{31AAFB3A-B0AB-480D-9338-13228E8E9B55}.Debug|Any CPU.ActiveCfg = Debug|Any CPU
		{31AAFB3A-B0AB-480D-9338-13228E8E9B55}.Debug|Any CPU.Build.0 = Debug|Any CPU
		{31AAFB3A-B0AB-480D-9338-13228E8E9B55}.Release|Any CPU.ActiveCfg = Release|Any CPU
		{31AAFB3A-B0AB-480D-9338-13228E8E9B55}.Release|Any CPU.Build.0 = Release|Any CPU
		{2121A8F5-5127-494E-8AA6-FB2E94D0A41B}.Debug|Any CPU.ActiveCfg = Debug|Any CPU
		{2121A8F5-5127-494E-8AA6-FB2E94D0A41B}.Debug|Any CPU.Build.0 = Debug|Any CPU
		{2121A8F5-5127-494E-8AA6-FB2E94D0A41B}.Release|Any CPU.ActiveCfg = Release|Any CPU
		{2121A8F5-5127-494E-8AA6-FB2E94D0A41B}.Release|Any CPU.Build.0 = Release|Any CPU
	EndGlobalSection
	GlobalSection(SolutionProperties) = preSolution
		HideSolutionNode = FALSE
	EndGlobalSection
	GlobalSection(ExtensibilityGlobals) = postSolution
		SolutionGuid = {4C07D28B-9AAF-4FE0-B485-E0F22D097B04}
	EndGlobalSection
EndGlobal
